
Microsoft Visual Studio Solution File, Format Version 12.00
# Visual Studio Version 17
VisualStudioVersion = 17.14.36310.24
MinimumVisualStudioVersion = 10.0.40219.1
Project("{FAE04EC0-301F-11D3-BF4B-00C04F79EFBC}") = "Bloggie.Web", "Bloggie.Web\Bloggie.Web.csproj", "{FB90C4D8-4BD0-4BE9-A6DE-0EE4653CB2AB}"
EndProject
Global
	GlobalSection(SolutionConfigurationPlatforms) = preSolution
		Debug|Any CPU = Debug|Any CPU
		Release|Any CPU = Release|Any CPU
	EndGlobalSection
	GlobalSection(ProjectConfigurationPlatforms) = postSolution
		{FB90C4D8-4BD0-4BE9-A6DE-0EE4653CB2AB}.Debug|Any CPU.ActiveCfg = Debug|Any CPU
		{FB90C4D8-4BD0-4BE9-A6DE-0EE4653CB2AB}.Debug|Any CPU.Build.0 = Debug|Any CPU
		{FB90C4D8-4BD0-4BE9-A6DE-0EE4653CB2AB}.Release|Any CPU.ActiveCfg = Release|Any CPU
		{FB90C4D8-4BD0-4BE9-A6DE-0EE4653CB2AB}.Release|Any CPU.Build.0 = Release|Any CPU
	EndGlobalSection
	GlobalSection(SolutionProperties) = preSolution
		HideSolutionNode = FALSE
	EndGlobalSection
	GlobalSection(ExtensibilityGlobals) = postSolution
		SolutionGuid = {BDC1D48F-2A63-4907-80AD-5E1DAA95642B}
	EndGlobalSection
EndGlobal
